{
  "nodes": {
    "nixpkgs": {
      "locked": {
        "lastModified": 1771043024,
        "narHash": "sha256-O1XDr7EWbRp+kHrNNgLWgIrB0/US5wvw9K6RERWAj6I=",
        "rev": "3aadb7ca9eac2891d52a9dec199d9580a6e2bf44",
        "revCount": 907787,
        "type": "tarball",
        "url": "https://api.flakehub.com/f/pinned/NixOS/nixpkgs/0.2511.907787%2Brev-3aadb7ca9eac2891d52a9dec199d9580a6e2bf44/019c5fdb-108d-77ef-a86f-b1cedec2050d/source.tar.gz"
      },
      "original": {
        "type": "tarball",
        "url": "https://flakehub.com/f/NixOS/nixpkgs/0"
      }
    },
    "root": {
      "inputs": {
        "nixpkgs": "nixpkgs"
      }
    }
  },
  "root": "root",
  "version": 7
}
